
Microsoft Visual Studio Solution File, Format Version 12.00
# Visual Studio 15
VisualStudioVersion = 15.0.28010.2048
MinimumVisualStudioVersion = 10.0.40219.1
Project("{FAE04EC0-301F-11D3-BF4B-00C04F79EFBC}") = "p4kVerifer", "p4kVerifer\p4kVerifer.csproj", "{78515AC3-A4F1-48AC-AA81-EA1302D6755E}"
EndProject
Project("{9A19103F-16F7-4668-BE54-9A1E7A4F7556}") = "ICSharpCode.SharpZipLib", "p4kVerifer\src\ICSharpCode.SharpZipLib\ICSharpCode.SharpZipLib.csproj", "{130651E4-02E9-4567-B7E3-5A38E29C33CA}"
EndProject
Global
	GlobalSection(SolutionConfigurationPlatforms) = preSolution
		Debug|Any CPU = Debug|Any CPU
		Release|Any CPU = Release|Any CPU
	EndGlobalSection
	GlobalSection(ProjectConfigurationPlatforms) = postSolution
		{78515AC3-A4F1-48AC-AA81-EA1302D6755E}.Debug|Any CPU.ActiveCfg = Debug|Any CPU
		{78515AC3-A4F1-48AC-AA81-EA1302D6755E}.Debug|Any CPU.Build.0 = Debug|Any CPU
		{78515AC3-A4F1-48AC-AA81-EA1302D6755E}.Release|Any CPU.ActiveCfg = Release|Any CPU
		{78515AC3-A4F1-48AC-AA81-EA1302D6755E}.Release|Any CPU.Build.0 = Release|Any CPU
		{130651E4-02E9-4567-B7E3-5A38E29C33CA}.Debug|Any CPU.ActiveCfg = Debug|Any CPU
		{130651E4-02E9-4567-B7E3-5A38E29C33CA}.Debug|Any CPU.Build.0 = Debug|Any CPU
		{130651E4-02E9-4567-B7E3-5A38E29C33CA}.Release|Any CPU.ActiveCfg = Release|Any CPU
		{130651E4-02E9-4567-B7E3-5A38E29C33CA}.Release|Any CPU.Build.0 = Release|Any CPU
	EndGlobalSection
	GlobalSection(SolutionProperties) = preSolution
		HideSolutionNode = FALSE
	EndGlobalSection
	GlobalSection(ExtensibilityGlobals) = postSolution
		SolutionGuid = {2B07EAA6-EA15-486D-9418-F6080E5A786C}
	EndGlobalSection
EndGlobal
